
Microsoft Visual Studio Solution File, Format Version 12.00
# Visual Studio Version 16
VisualStudioVersion = 25.0.1705.3
MinimumVisualStudioVersion = 10.0.40219.1
Project("{FAE04EC0-301F-11D3-BF4B-00C04F79EFBC}") = "webapp", "webapp\webapp.csproj", "{6828CF8A-6540-4216-A615-921A4B9AD3EC}"
EndProject
Global
	GlobalSection(SolutionConfigurationPlatforms) = preSolution
		Debug|Any CPU = Debug|Any CPU
		Release|Any CPU = Release|Any CPU
	EndGlobalSection
	GlobalSection(ProjectConfigurationPlatforms) = postSolution
		{6828CF8A-6540-4216-A615-921A4B9AD3EC}.Debug|Any CPU.ActiveCfg = Debug|Any CPU
		{6828CF8A-6540-4216-A615-921A4B9AD3EC}.Debug|Any CPU.Build.0 = Debug|Any CPU
		{6828CF8A-6540-4216-A615-921A4B9AD3EC}.Release|Any CPU.ActiveCfg = Release|Any CPU
		{6828CF8A-6540-4216-A615-921A4B9AD3EC}.Release|Any CPU.Build.0 = Release|Any CPU
	EndGlobalSection
	GlobalSection(SolutionProperties) = preSolution
		HideSolutionNode = FALSE
	EndGlobalSection
	GlobalSection(ExtensibilityGlobals) = postSolution
		SolutionGuid = {AD28D0A9-6273-40E1-BCB3-464BA391BD28}
	EndGlobalSection
EndGlobal
